
Microsoft Visual Studio Solution File, Format Version 12.00
# Visual Studio Version 16
VisualStudioVersion = 16.0.31005.135
MinimumVisualStudioVersion = 10.0.40219.1
Project("{FAE04EC0-301F-11D3-BF4B-00C04F79EFBC}") = "CicloDeVidaDI", "CicloDeVidaDI\CicloDeVidaDI.csproj", "{E9573B1F-C812-48C9-98ED-FE5B61D671E4}"
EndProject
Global
	GlobalSection(SolutionConfigurationPlatforms) = preSolution
		Debug|Any CPU = Debug|Any CPU
		Release|Any CPU = Release|Any CPU
	EndGlobalSection
	GlobalSection(ProjectConfigurationPlatforms) = postSolution
		{E9573B1F-C812-48C9-98ED-FE5B61D671E4}.Debug|Any CPU.ActiveCfg = Debug|Any CPU
		{E9573B1F-C812-48C9-98ED-FE5B61D671E4}.Debug|Any CPU.Build.0 = Debug|Any CPU
		{E9573B1F-C812-48C9-98ED-FE5B61D671E4}.Release|Any CPU.ActiveCfg = Release|Any CPU
		{E9573B1F-C812-48C9-98ED-FE5B61D671E4}.Release|Any CPU.Build.0 = Release|Any CPU
	EndGlobalSection
	GlobalSection(SolutionProperties) = preSolution
		HideSolutionNode = FALSE
	EndGlobalSection
	GlobalSection(ExtensibilityGlobals) = postSolution
		SolutionGuid = {ACB1DA4F-8524-4CD8-93C8-179CCE9244E3}
	EndGlobalSection
EndGlobal
